
Microsoft Visual Studio Solution File, Format Version 12.00
# Visual Studio Version 17
VisualStudioVersion = 17.14.36429.23 d17.14
MinimumVisualStudioVersion = 10.0.40219.1
Project("{FAE04EC0-301F-11D3-BF4B-00C04F79EFBC}") = "BulkyBookWeb", "BulkyBookWeb\BulkyBookWeb.csproj", "{C46584F4-0104-4466-8993-EB642E609FB2}"
EndProject
Project("{2150E333-8FDC-42A3-9474-1A3956D46DE8}") = "Solution Items", "Solution Items", "{8EC462FD-D22E-90A8-E5CE-7E832BA40C5D}"
EndProject
Global
	GlobalSection(SolutionConfigurationPlatforms) = preSolution
		Debug|Any CPU = Debug|Any CPU
		Release|Any CPU = Release|Any CPU
	EndGlobalSection
	GlobalSection(ProjectConfigurationPlatforms) = postSolution
		{C46584F4-0104-4466-8993-EB642E609FB2}.Debug|Any CPU.ActiveCfg = Debug|Any CPU
		{C46584F4-0104-4466-8993-EB642E609FB2}.Debug|Any CPU.Build.0 = Debug|Any CPU
		{C46584F4-0104-4466-8993-EB642E609FB2}.Release|Any CPU.ActiveCfg = Release|Any CPU
		{C46584F4-0104-4466-8993-EB642E609FB2}.Release|Any CPU.Build.0 = Release|Any CPU
	EndGlobalSection
	GlobalSection(SolutionProperties) = preSolution
		HideSolutionNode = FALSE
	EndGlobalSection
	GlobalSection(ExtensibilityGlobals) = postSolution
		SolutionGuid = {83D27CD0-9ED1-45A5-9D33-DA2692D1E05B}
	EndGlobalSection
EndGlobal
